PODS:
  - pop (1.0.9)
  - SVAlert (0.1.0):
    - pop

DEPENDENCIES:
  - SVAlert (from `../`)

EXTERNAL SOURCES:
  SVAlert:
    :path: "../"

SPEC CHECKSUMS:
  pop: f667631a5108a2e60d9e8797c9b32ddaf2080bce
  SVAlert: 3af68dd176949c1b7864b152cfe94efd02d5a644

PODFILE CHECKSUM: 4e3b83f890ae90235ec9d3b4ae2c5ff8bc87f133

COCOAPODS: 1.1.0.beta.1
